{
  "version": 4,
  "terraform_version": "1.6.6",
  "serial": 9,
  "lineage": "ae27a044-dd25-4358-a7b8-d85b156f34a7",
  "outputs": {
    "lock_table": {
      "value": "terraform-state-security-web-waf",
      "type": "string"
    },
    "state_bucket": {
      "value": "terraform-state-security-web-waf",
      "type": "string"
    }
  },
  "resources": [
    {
      "module": "module.pre_init",
      "mode": "managed",
      "type": "aws_dynamodb_table",
      "name": "lock",
      "provider": "provider[\"registry.terraform.io/hashicorp/aws\"]",
      "instances": [
        {
          "schema_version": 1,
          "attributes": {
            "arn": "arn:aws:dynamodb:eu-west-2:423623861502:table/terraform-state-security-web-waf",
            "attribute": [
              {
                "name": "LockID",
                "type": "S"
              }
            ],
            "billing_mode": "PAY_PER_REQUEST",
            "deletion_protection_enabled": false,
            "global_secondary_index": [],
            "hash_key": "LockID",
            "id": "terraform-state-security-web-waf",
            "import_table": [],
            "local_secondary_index": [],
            "name": "terraform-state-security-web-waf",
            "point_in_time_recovery": [
              {
                "enabled": false
              }
            ],
            "range_key": null,
            "read_capacity": 0,
            "replica": [],
            "restore_date_time": null,
            "restore_source_name": null,
            "restore_to_latest_time": null,
            "server_side_encryption": [
              {
                "enabled": true,
                "kms_key_arn": ""
              }
            ],
            "stream_arn": "",
            "stream_enabled": false,
            "stream_label": "",
            "stream_view_type": "",
            "table_class": "STANDARD",
            "tags": {
              "Env": "dev",
              "ManagedBy": "pre-init",
              "Project": "phunkytech-web-waf"
            },
            "tags_all": {
              "Env": "dev",
              "ManagedBy": "pre-init",
              "Project": "phunkytech-web-waf"
            },
            "timeouts": null,
            "ttl": [
              {
                "attribute_name": "",
                "enabled": false
              }
            ],
            "write_capacity": 0
          },
          "sensitive_attributes": [],
          "private": "eyJlMmJmYjczMC1lY2FhLTExZTYtOGY4OC0zNDM2M2JjN2M0YzAiOnsiY3JlYXRlIjoxODAwMDAwMDAwMDAwLCJkZWxldGUiOjYwMDAwMDAwMDAwMCwidXBkYXRlIjozNjAwMDAwMDAwMDAwfSwic2NoZW1hX3ZlcnNpb24iOiIxIn0="
        }
      ]
    }
  ],
  "check_results": null
}
